# This file is autogenerated, do not edit; changes may be undone by the next 'dep ensure'.


[[projects]]
  digest = "1:ec6f9bf5e274c833c911923c9193867f3f18788c461f76f05f62bb1510e0ae65"
  name = "github.com/go-sql-driver/mysql"
  packages = ["."]
  pruneopts = "UT"
  revision = "72cd26f257d44c1114970e19afddcd812016007e"
  version = "v1.4.1"

[[projects]]
  digest = "1:6c41d4f998a03b6604227ccad36edaed6126c397e5d78709ef4814a1145a6757"
  name = "github.com/jmoiron/sqlx"
  packages = [
    ".",
    "reflectx",
  ]
  pruneopts = "UT"
  revision = "d161d7a76b5661016ad0b085869f77fd410f3e6a"
  version = "v1.2.0"

[[projects]]
  branch = "master"
  digest = "1:5bf23f15fd4550fa19e9fbc8e9fd2e254444a01f4644ad835b5389d1f7d91077"
  name = "github.com/mailru/easyjson"
  packages = [
    ".",
    "buffer",
    "jlexer",
    "jwriter",
  ]
  pruneopts = "UT"
  revision = "6243d8e04c3f819e79757e8bc3faa15c3cb27003"

[[projects]]
  digest = "1:d1da5ee400cc3c39cf7d920c2db4b04d9407e24a917bf8b99a183aa024081871"
  name = "github.com/olivere/elastic"
  packages = [
    ".",
    "config",
    "uritemplates",
  ]
  pruneopts = "UT"
  revision = "407a1d940dcc89e279c579eb393d0bdde8fd9ac4"
  version = "v6.2.16"

[[projects]]
  digest = "1:cf31692c14422fa27c83a05292eb5cbe0fb2775972e8f1f8446a71549bd8980b"
  name = "github.com/pkg/errors"
  packages = ["."]
  pruneopts = "UT"
  revision = "ba968bfe8b2f7e042a574c888954fccecfa385b4"
  version = "v0.8.1"

[[projects]]
  digest = "1:c25289f43ac4a68d88b02245742347c94f1e108c534dda442188015ff80669b3"
  name = "google.golang.org/appengine"
  packages = ["cloudsql"]
  pruneopts = "UT"
  revision = "e9657d882bb81064595ca3b56cbe2546bbabf7b1"
  version = "v1.4.0"

[solve-meta]
  analyzer-name = "dep"
  analyzer-version = 1
  input-imports = [
    "github.com/go-sql-driver/mysql",
    "github.com/jmoiron/sqlx",
    "github.com/olivere/elastic",
  ]
  solver-name = "gps-cdcl"
  solver-version = 1
